
Microsoft Visual Studio Solution File, Format Version 12.00
# Visual Studio Version 17
VisualStudioVersion = 17.0.31903.59
MinimumVisualStudioVersion = 10.0.40219.1
Project("{FAE04EC0-301F-11D3-BF4B-00C04F79EFBC}") = "ConverterLib", "ConverterLib.csproj", "{834A1B0C-A986-4916-9063-5BE23773D455}"
EndProject
Project("{FAE04EC0-301F-11D3-BF4B-00C04F79EFBC}") = "ConverterLib.Tests", "ConverterLib.Tests\ConverterLib.Tests.csproj", "{383CAE45-05F2-4B85-98B8-535009913F31}"
EndProject
Global
	GlobalSection(SolutionConfigurationPlatforms) = preSolution
		Debug|Any CPU = Debug|Any CPU
		Release|Any CPU = Release|Any CPU
	EndGlobalSection
	GlobalSection(SolutionProperties) = preSolution
		HideSolutionNode = FALSE
	EndGlobalSection
	GlobalSection(ProjectConfigurationPlatforms) = postSolution
		{834A1B0C-A986-4916-9063-5BE23773D455}.Debug|Any CPU.ActiveCfg = Debug|Any CPU
		{834A1B0C-A986-4916-9063-5BE23773D455}.Debug|Any CPU.Build.0 = Debug|Any CPU
		{834A1B0C-A986-4916-9063-5BE23773D455}.Release|Any CPU.ActiveCfg = Release|Any CPU
		{834A1B0C-A986-4916-9063-5BE23773D455}.Release|Any CPU.Build.0 = Release|Any CPU
		{383CAE45-05F2-4B85-98B8-535009913F31}.Debug|Any CPU.ActiveCfg = Debug|Any CPU
		{383CAE45-05F2-4B85-98B8-535009913F31}.Debug|Any CPU.Build.0 = Debug|Any CPU
		{383CAE45-05F2-4B85-98B8-535009913F31}.Release|Any CPU.ActiveCfg = Release|Any CPU
		{383CAE45-05F2-4B85-98B8-535009913F31}.Release|Any CPU.Build.0 = Release|Any CPU
	EndGlobalSection
EndGlobal
