
Microsoft Visual Studio Solution File, Format Version 12.00
# Visual Studio Version 17
VisualStudioVersion = 17.0.31903.59
MinimumVisualStudioVersion = 10.0.40219.1
Project("{FAE04EC0-301F-11D3-BF4B-00C04F79EFBC}") = "CustomerCommLib", "CustomerCommLib\CustomerCommLib.csproj", "{884F1850-6A8E-4FA3-9CFA-9F3126FA433C}"
EndProject
Project("{2150E333-8FDC-42A3-9474-1A3956D46DE8}") = "CustomerCommLib", "CustomerCommLib", "{619024B4-2AD6-4BF0-BB34-51E7AD355735}"
EndProject
Project("{FAE04EC0-301F-11D3-BF4B-00C04F79EFBC}") = "CustomerCommLib.Tests", "CustomerCommLib\CustomerCommLib.Tests\CustomerCommLib.Tests.csproj", "{23E9BF40-9586-4FF2-A91A-C59EAC8FC63D}"
EndProject
Project("{FAE04EC0-301F-11D3-BF4B-00C04F79EFBC}") = "CustomerCommLib.Tests", "CustomerCommLib.Tests\CustomerCommLib.Tests.csproj", "{661C4A22-4C0E-4CEA-8D1E-1A3A0AA428F7}"
EndProject
Global
	GlobalSection(SolutionConfigurationPlatforms) = preSolution
		Debug|Any CPU = Debug|Any CPU
		Release|Any CPU = Release|Any CPU
	EndGlobalSection
	GlobalSection(SolutionProperties) = preSolution
		HideSolutionNode = FALSE
	EndGlobalSection
	GlobalSection(ProjectConfigurationPlatforms) = postSolution
		{884F1850-6A8E-4FA3-9CFA-9F3126FA433C}.Debug|Any CPU.ActiveCfg = Debug|Any CPU
		{884F1850-6A8E-4FA3-9CFA-9F3126FA433C}.Debug|Any CPU.Build.0 = Debug|Any CPU
		{884F1850-6A8E-4FA3-9CFA-9F3126FA433C}.Release|Any CPU.ActiveCfg = Release|Any CPU
		{884F1850-6A8E-4FA3-9CFA-9F3126FA433C}.Release|Any CPU.Build.0 = Release|Any CPU
		{23E9BF40-9586-4FF2-A91A-C59EAC8FC63D}.Debug|Any CPU.ActiveCfg = Debug|Any CPU
		{23E9BF40-9586-4FF2-A91A-C59EAC8FC63D}.Debug|Any CPU.Build.0 = Debug|Any CPU
		{23E9BF40-9586-4FF2-A91A-C59EAC8FC63D}.Release|Any CPU.ActiveCfg = Release|Any CPU
		{23E9BF40-9586-4FF2-A91A-C59EAC8FC63D}.Release|Any CPU.Build.0 = Release|Any CPU
		{661C4A22-4C0E-4CEA-8D1E-1A3A0AA428F7}.Debug|Any CPU.ActiveCfg = Debug|Any CPU
		{661C4A22-4C0E-4CEA-8D1E-1A3A0AA428F7}.Debug|Any CPU.Build.0 = Debug|Any CPU
		{661C4A22-4C0E-4CEA-8D1E-1A3A0AA428F7}.Release|Any CPU.ActiveCfg = Release|Any CPU
		{661C4A22-4C0E-4CEA-8D1E-1A3A0AA428F7}.Release|Any CPU.Build.0 = Release|Any CPU
	EndGlobalSection
	GlobalSection(NestedProjects) = preSolution
		{884F1850-6A8E-4FA3-9CFA-9F3126FA433C} = {619024B4-2AD6-4BF0-BB34-51E7AD355735}
		{23E9BF40-9586-4FF2-A91A-C59EAC8FC63D} = {619024B4-2AD6-4BF0-BB34-51E7AD355735}
	EndGlobalSection
EndGlobal
